
Microsoft Visual Studio Solution File, Format Version 12.00
# Visual Studio Version 16
VisualStudioVersion = 16.0.30907.101
MinimumVisualStudioVersion = 10.0.40219.1
Project("{9A19103F-16F7-4668-BE54-9A1E7A4F7556}") = "API", "API\API.csproj", "{994B8757-6560-4B87-8E0E-7F871F880BAC}"
EndProject
Project("{9A19103F-16F7-4668-BE54-9A1E7A4F7556}") = "BlazorWeb", "BlazorWeb\BlazorWeb.csproj", "{4FCF08D1-6548-498E-9F7E-2CFA97C30EC5}"
EndProject
Global
	GlobalSection(SolutionConfigurationPlatforms) = preSolution
		Debug|Any CPU = Debug|Any CPU
		Release|Any CPU = Release|Any CPU
	EndGlobalSection
	GlobalSection(ProjectConfigurationPlatforms) = postSolution
		{994B8757-6560-4B87-8E0E-7F871F880BAC}.Debug|Any CPU.ActiveCfg = Debug|Any CPU
		{994B8757-6560-4B87-8E0E-7F871F880BAC}.Debug|Any CPU.Build.0 = Debug|Any CPU
		{994B8757-6560-4B87-8E0E-7F871F880BAC}.Release|Any CPU.ActiveCfg = Release|Any CPU
		{994B8757-6560-4B87-8E0E-7F871F880BAC}.Release|Any CPU.Build.0 = Release|Any CPU
		{4FCF08D1-6548-498E-9F7E-2CFA97C30EC5}.Debug|Any CPU.ActiveCfg = Debug|Any CPU
		{4FCF08D1-6548-498E-9F7E-2CFA97C30EC5}.Debug|Any CPU.Build.0 = Debug|Any CPU
		{4FCF08D1-6548-498E-9F7E-2CFA97C30EC5}.Release|Any CPU.ActiveCfg = Release|Any CPU
		{4FCF08D1-6548-498E-9F7E-2CFA97C30EC5}.Release|Any CPU.Build.0 = Release|Any CPU
	EndGlobalSection
	GlobalSection(SolutionProperties) = preSolution
		HideSolutionNode = FALSE
	EndGlobalSection
	GlobalSection(ExtensibilityGlobals) = postSolution
		SolutionGuid = {167667DF-65E4-4CB4-8C7C-115CB4809CE1}
	EndGlobalSection
EndGlobal
